
Microsoft Visual Studio Solution File, Format Version 12.00
# Visual Studio Version 17
VisualStudioVersion = 17.13.35931.197 d17.13
MinimumVisualStudioVersion = 10.0.40219.1
Project("{FAE04EC0-301F-11D3-BF4B-00C04F79EFBC}") = "HostComputer-OnOffControl", "HostComputer-OnOffControl\HostComputer-OnOffControl.csproj", "{C7D5FA80-AD48-446C-99F0-E41D0B3F6783}"
EndProject
Global
	GlobalSection(SolutionConfigurationPlatforms) = preSolution
		Debug|Any CPU = Debug|Any CPU
		Release|Any CPU = Release|Any CPU
	EndGlobalSection
	GlobalSection(ProjectConfigurationPlatforms) = postSolution
		{C7D5FA80-AD48-446C-99F0-E41D0B3F6783}.Debug|Any CPU.ActiveCfg = Debug|Any CPU
		{C7D5FA80-AD48-446C-99F0-E41D0B3F6783}.Debug|Any CPU.Build.0 = Debug|Any CPU
		{C7D5FA80-AD48-446C-99F0-E41D0B3F6783}.Release|Any CPU.ActiveCfg = Release|Any CPU
		{C7D5FA80-AD48-446C-99F0-E41D0B3F6783}.Release|Any CPU.Build.0 = Release|Any CPU
	EndGlobalSection
	GlobalSection(SolutionProperties) = preSolution
		HideSolutionNode = FALSE
	EndGlobalSection
	GlobalSection(ExtensibilityGlobals) = postSolution
		SolutionGuid = {236F7C35-79AD-4263-A47F-CEA538ADAA09}
	EndGlobalSection
EndGlobal
