
Microsoft Visual Studio Solution File, Format Version 12.00
# Visual Studio Version 17
VisualStudioVersion = 17.4.33205.214
MinimumVisualStudioVersion = 10.0.40219.1
Project("{FAE04EC0-301F-11D3-BF4B-00C04F79EFBC}") = "WinFormsApp_Controls", "WinFormsApp_Controls\WinFormsApp_Controls.csproj", "{6DDFB453-DB10-4F32-8BD9-0CC84E89D8C3}"
EndProject
Global
	GlobalSection(SolutionConfigurationPlatforms) = preSolution
		Debug|Any CPU = Debug|Any CPU
		Release|Any CPU = Release|Any CPU
	EndGlobalSection
	GlobalSection(ProjectConfigurationPlatforms) = postSolution
		{6DDFB453-DB10-4F32-8BD9-0CC84E89D8C3}.Debug|Any CPU.ActiveCfg = Debug|Any CPU
		{6DDFB453-DB10-4F32-8BD9-0CC84E89D8C3}.Debug|Any CPU.Build.0 = Debug|Any CPU
		{6DDFB453-DB10-4F32-8BD9-0CC84E89D8C3}.Release|Any CPU.ActiveCfg = Release|Any CPU
		{6DDFB453-DB10-4F32-8BD9-0CC84E89D8C3}.Release|Any CPU.Build.0 = Release|Any CPU
	EndGlobalSection
	GlobalSection(SolutionProperties) = preSolution
		HideSolutionNode = FALSE
	EndGlobalSection
	GlobalSection(ExtensibilityGlobals) = postSolution
		SolutionGuid = {3A4919DA-80C6-4FCA-B670-DA0C4FE8682C}
	EndGlobalSection
EndGlobal
