
Microsoft Visual Studio Solution File, Format Version 12.00
# Visual Studio Version 17
VisualStudioVersion = 17.4.33205.214
MinimumVisualStudioVersion = 10.0.40219.1
Project("{FAE04EC0-301F-11D3-BF4B-00C04F79EFBC}") = "WinFormsApp_TextControl", "WinFormsApp_TextControl\WinFormsApp_TextControl.csproj", "{AE31D10A-14FA-4BA6-B0A3-BE0EC0D15B69}"
EndProject
Global
	GlobalSection(SolutionConfigurationPlatforms) = preSolution
		Debug|Any CPU = Debug|Any CPU
		Release|Any CPU = Release|Any CPU
	EndGlobalSection
	GlobalSection(ProjectConfigurationPlatforms) = postSolution
		{AE31D10A-14FA-4BA6-B0A3-BE0EC0D15B69}.Debug|Any CPU.ActiveCfg = Debug|Any CPU
		{AE31D10A-14FA-4BA6-B0A3-BE0EC0D15B69}.Debug|Any CPU.Build.0 = Debug|Any CPU
		{AE31D10A-14FA-4BA6-B0A3-BE0EC0D15B69}.Release|Any CPU.ActiveCfg = Release|Any CPU
		{AE31D10A-14FA-4BA6-B0A3-BE0EC0D15B69}.Release|Any CPU.Build.0 = Release|Any CPU
	EndGlobalSection
	GlobalSection(SolutionProperties) = preSolution
		HideSolutionNode = FALSE
	EndGlobalSection
	GlobalSection(ExtensibilityGlobals) = postSolution
		SolutionGuid = {729F46D6-BB78-4FBB-9D27-79EA76FDD613}
	EndGlobalSection
EndGlobal
