
Microsoft Visual Studio Solution File, Format Version 12.00
# Visual Studio Version 17
VisualStudioVersion = 17.4.33205.214
MinimumVisualStudioVersion = 10.0.40219.1
Project("{FAE04EC0-301F-11D3-BF4B-00C04F79EFBC}") = "WinFormsApp2_InhertedForm", "WinFormsApp2_InhertedForm\WinFormsApp2_InhertedForm.csproj", "{FB09819C-59DF-4A76-946C-A991F89CF4E7}"
EndProject
Global
	GlobalSection(SolutionConfigurationPlatforms) = preSolution
		Debug|Any CPU = Debug|Any CPU
		Release|Any CPU = Release|Any CPU
	EndGlobalSection
	GlobalSection(ProjectConfigurationPlatforms) = postSolution
		{FB09819C-59DF-4A76-946C-A991F89CF4E7}.Debug|Any CPU.ActiveCfg = Debug|Any CPU
		{FB09819C-59DF-4A76-946C-A991F89CF4E7}.Debug|Any CPU.Build.0 = Debug|Any CPU
		{FB09819C-59DF-4A76-946C-A991F89CF4E7}.Release|Any CPU.ActiveCfg = Release|Any CPU
		{FB09819C-59DF-4A76-946C-A991F89CF4E7}.Release|Any CPU.Build.0 = Release|Any CPU
	EndGlobalSection
	GlobalSection(SolutionProperties) = preSolution
		HideSolutionNode = FALSE
	EndGlobalSection
	GlobalSection(ExtensibilityGlobals) = postSolution
		SolutionGuid = {C94F9A74-B2D7-4024-B9EB-25B1611F018C}
	EndGlobalSection
EndGlobal
