
Microsoft Visual Studio Solution File, Format Version 12.00
# Visual Studio Version 17
VisualStudioVersion = 17.4.33205.214
MinimumVisualStudioVersion = 10.0.40219.1
Project("{FAE04EC0-301F-11D3-BF4B-00C04F79EFBC}") = "HostComputerUsart", "HostComputerUsart\HostComputerUsart.csproj", "{5C260A10-B475-4D59-8B44-D9BB4F95A0C7}"
EndProject
Global
	GlobalSection(SolutionConfigurationPlatforms) = preSolution
		Debug|Any CPU = Debug|Any CPU
		Release|Any CPU = Release|Any CPU
	EndGlobalSection
	GlobalSection(ProjectConfigurationPlatforms) = postSolution
		{5C260A10-B475-4D59-8B44-D9BB4F95A0C7}.Debug|Any CPU.ActiveCfg = Debug|Any CPU
		{5C260A10-B475-4D59-8B44-D9BB4F95A0C7}.Debug|Any CPU.Build.0 = Debug|Any CPU
		{5C260A10-B475-4D59-8B44-D9BB4F95A0C7}.Release|Any CPU.ActiveCfg = Release|Any CPU
		{5C260A10-B475-4D59-8B44-D9BB4F95A0C7}.Release|Any CPU.Build.0 = Release|Any CPU
	EndGlobalSection
	GlobalSection(SolutionProperties) = preSolution
		HideSolutionNode = FALSE
	EndGlobalSection
	GlobalSection(ExtensibilityGlobals) = postSolution
		SolutionGuid = {61817471-7DFF-4E18-9A20-4D4B8848C3B1}
	EndGlobalSection
EndGlobal
